
Microsoft Visual Studio Solution File, Format Version 12.00
# Visual Studio Version 17
VisualStudioVersion = 17.0.32014.148
MinimumVisualStudioVersion = 10.0.40219.1
Project("{FAE04EC0-301F-11D3-BF4B-00C04F79EFBC}") = "Wellbeing.API", "Wellbeing.API\Wellbeing.API.csproj", "{C2647DF7-12A0-4F10-A335-6430283055FF}"
EndProject
Global
	GlobalSection(SolutionConfigurationPlatforms) = preSolution
		Debug|Any CPU = Debug|Any CPU
		Release|Any CPU = Release|Any CPU
	EndGlobalSection
	GlobalSection(ProjectConfigurationPlatforms) = postSolution
		{C2647DF7-12A0-4F10-A335-6430283055FF}.Debug|Any CPU.ActiveCfg = Debug|Any CPU
		{C2647DF7-12A0-4F10-A335-6430283055FF}.Debug|Any CPU.Build.0 = Debug|Any CPU
		{C2647DF7-12A0-4F10-A335-6430283055FF}.Release|Any CPU.ActiveCfg = Release|Any CPU
		{C2647DF7-12A0-4F10-A335-6430283055FF}.Release|Any CPU.Build.0 = Release|Any CPU
	EndGlobalSection
	GlobalSection(SolutionProperties) = preSolution
		HideSolutionNode = FALSE
	EndGlobalSection
	GlobalSection(ExtensibilityGlobals) = postSolution
		SolutionGuid = {9E9FAC56-20CB-4689-98E4-F7DF10A3C2C2}
	EndGlobalSection
EndGlobal
